// !$*UTF8*$!
{
	archiveVersion = 1;
	classes = {
	};
	objectVersion = 48;
	objects = {

/* Begin PBXBuildFile section */
		8DF52FCB21B8CFB70008C022 /* AppDelegate.swift in Sources */ = {isa = PBXBuildFile; fileRef = 8DF52FCA21B8CFB70008C022 /* AppDelegate.swift */; };
		8DF52FCD21B8CFB70008C022 /* ViewController.swift in Sources */ = {isa = PBXBuildFile; fileRef = 8DF52FCC21B8CFB70008C022 /* ViewController.swift */; };
		8DF52FD021B8CFB70008C022 /* Main.storyboard in Resources */ = {isa = PBXBuildFile; fileRef = 8DF52FCE21B8CFB70008C022 /* Main.storyboard */; };
		8DF52FD221B8CFB70008C022 /* Assets.xcassets in Resources */ = {isa = PBXBuildFile; fileRef = 8DF52FD121B8CFB70008C022 /* Assets.xcassets */; };
		8DF52FD521B8CFB70008C022 /* LaunchScreen.storyboard in Resources */ = {isa = PBXBuildFile; fileRef = 8DF52FD321B8CFB70008C022 /* LaunchScreen.storyboard */; };
		8DF52FDD21B8D0000008C022 /* hustle-on.wav in Resources */ = {isa = PBXBuildFile; fileRef = 8DF52FDC21B8CFFF0008C022 /* hustle-on.wav */; };
/* End PBXBuildFile section */

/* Begin PBXFileReference section */
		8DF52FC721B8CFB70008C022 /* Hustle-mode.app */ = {isa = PBXFileReference; explicitFileType = wrapper.application; includeInIndex = 0; path = "Hustle-mode.app"; sourceTree = BUILT_PRODUCTS_DIR; };
		8DF52FCA21B8CFB70008C022 /* AppDelegate.swift */ = {isa = PBXFileReference; lastKnownFileType = sourcecode.swift; path = AppDelegate.swift; sourceTree = "<group>"; };
		8DF52FCC21B8CFB70008C022 /* ViewController.swift */ = {isa = PBXFileReference; lastKnownFileType = sourcecode.swift; path = ViewController.swift; sourceTree = "<group>"; };
		8DF52FCF21B8CFB70008C022 /* Base */ = {isa = PBXFileReference; lastKnownFileType = file.storyboard; name = Base; path = Base.lproj/Main.storyboard; sourceTree = "<group>"; };
		8DF52FD121B8CFB70008C022 /* Assets.xcassets */ = {isa = PBXFileReference; lastKnownFileType = folder.assetcatalog; path = Assets.xcassets; sourceTree = "<group>"; };
		8DF52FD421B8CFB70008C022 /* Base */ = {isa = PBXFileReference; lastKnownFileType = file.storyboard; name = Base; path = Base.lproj/LaunchScreen.storyboard; sourceTree = "<group>"; };
		8DF52FD621B8CFB70008C022 /* Info.plist */ = {isa = PBXFileReference; lastKnownFileType = text.plist.xml; path = Info.plist; sourceTree = "<group>"; };
		8DF52FDC21B8CFFF0008C022 /* hustle-on.wav */ = {isa = PBXFileReference; lastKnownFileType = audio.wav; path = "hustle-on.wav"; sourceTree = "<group>"; };
/* End PBXFileReference section */

/* Begin PBXFrameworksBuildPhase section */
		8DF52FC421B8CFB70008C022 /* Frameworks */ = {
			isa = PBXFrameworksBuildPhase;
			buildActionMask = 2147483647;
			files = (
			);
			runOnlyForDeploymentPostprocessing = 0;
		};
/* End PBXFrameworksBuildPhase section */

/* Begin PBXGroup section */
		8DF52FBE21B8CFB70008C022 = {
			isa = PBXGroup;
			children = (
				8DF52FC921B8CFB70008C022 /* Hustle-mode */,
				8DF52FC821B8CFB70008C022 /* Products */,
			);
			sourceTree = "<group>";
		};
		8DF52FC821B8CFB70008C022 /* Products */ = {
			isa = PBXGroup;
			children = (
				8DF52FC721B8CFB70008C022 /* Hustle-mode.app */,
			);
			name = Products;
			sourceTree = "<group>";
		};
		8DF52FC921B8CFB70008C022 /* Hustle-mode */ = {
			isa = PBXGroup;
			children = (
				8DF52FDC21B8CFFF0008C022 /* hustle-on.wav */,
				8DF52FCA21B8CFB70008C022 /* AppDelegate.swift */,
				8DF52FCC21B8CFB70008C022 /* ViewController.swift */,
				8DF52FCE21B8CFB70008C022 /* Main.storyboard */,
				8DF52FD121B8CFB70008C022 /* Assets.xcassets */,
				8DF52FD321B8CFB70008C022 /* LaunchScreen.storyboard */,
				8DF52FD621B8CFB70008C022 /* Info.plist */,
			);
			path = "Hustle-mode";
			sourceTree = "<group>";
		};
/* End PBXGroup section */

/* Begin PBXNativeTarget section */
		8DF52FC621B8CFB70008C022 /* Hustle-mode */ = {
			isa = PBXNativeTarget;
			buildConfigurationList = 8DF52FD921B8CFB70008C022 /* Build configuration list for PBXNativeTarget "Hustle-mode" */;
			buildPhases = (
				8DF52FC321B8CFB70008C022 /* Sources */,
				8DF52FC421B8CFB70008C022 /* Frameworks */,
				8DF52FC521B8CFB70008C022 /* Resources */,
			);
			buildRules = (
			);
			dependencies = (
			);
			name = "Hustle-mode";
			productName = "Hustle-mode";
			productReference = 8DF52FC721B8CFB70008C022 /* Hustle-mode.app */;
			productType = "com.apple.product-type.application";
		};
/* End PBXNativeTarget section */

/* Begin PBXProject section */
		8DF52FBF21B8CFB70008C022 /* Project object */ = {
			isa = PBXProject;
			attributes = {
				LastSwiftUpdateCheck = 0920;
				LastUpgradeCheck = 0920;
				ORGANIZATIONNAME = "Shilpa Joy";
				TargetAttributes = {
					8DF52FC621B8CFB70008C022 = {
						CreatedOnToolsVersion = 9.2;
						ProvisioningStyle = Automatic;
					};
				};
			};
			buildConfigurationList = 8DF52FC221B8CFB70008C022 /* Build configuration list for PBXProject "Hustle-mode" */;
			compatibilityVersion = "Xcode 8.0";
			developmentRegion = en;
			hasScannedForEncodings = 0;
			knownRegions = (
				en,
				Base,
			);
			mainGroup = 8DF52FBE21B8CFB70008C022;
			productRefGroup = 8DF52FC821B8CFB70008C022 /* Products */;
			projectDirPath = "";
			projectRoot = "";
			targets = (
				8DF52FC621B8CFB70008C022 /* Hustle-mode */,
			);
		};
/* End PBXProject section */

/* Begin PBXResourcesBuildPhase section */
		8DF52FC521B8CFB70008C022 /* Resources */ = {
			isa = PBXResourcesBuildPhase;
			buildActionMask = 2147483647;
			files = (
				8DF52FDD21B8D0000008C022 /* hustle-on.wav in Resources */,
				8DF52FD521B8CFB70008C022 /* LaunchScreen.storyboard in Resources */,
				8DF52FD221B8CFB70008C022 /* Assets.xcassets in Resources */,
				8DF52FD021B8CFB70008C022 /* Main.storyboard in Resources */,
			);
			runOnlyForDeploymentPostprocessing = 0;
		};
/* End PBXResourcesBuildPhase section */

/* Begin PBXSourcesBuildPhase section */
		8DF52FC321B8CFB70008C022 /* Sources */ = {
			isa = PBXSourcesBuildPhase;
			buildActionMask = 2147483647;
			files = (
				8DF52FCD21B8CFB70008C022 /* ViewController.swift in Sources */,
				8DF52FCB21B8CFB70008C022 /* AppDelegate.swift in Sources */,
			);
			runOnlyForDeploymentPostprocessing = 0;
		};
/* End PBXSourcesBuildPhase section */

/* Begin PBXVariantGroup section */
		8DF52FCE21B8CFB70008C022 /* Main.storyboard */ = {
			isa = PBXVariantGroup;
			children = (
				8DF52FCF21B8CFB70008C022 /* Base */,
			);
			name = Main.storyboard;
			sourceTree = "<group>";
		};
		8DF52FD321B8CFB70008C022 /* LaunchScreen.storyboard */ = {
			isa = PBXVariantGroup;
			children = (
				8DF52FD421B8CFB70008C022 /* Base */,
			);
			name = LaunchScreen.storyboard;
			sourceTree = "<group>";
		};
/* End PBXVariantGroup section */

/* Begin XCBuildConfiguration section */
		8DF52FD721B8CFB70008C022 /* Debug */ = {
			isa = XCBuildConfiguration;
			buildSettings = {
				ALWAYS_SEARCH_USER_PATHS = NO;
				CLANG_ANALYZER_NONNULL = YES;
				CLANG_ANALYZER_NUMBER_OBJECT_CONVERSION = YES_AGGRESSIVE;
				CLANG_CXX_LANGUAGE_STANDARD = "gnu++14";
				CLANG_CXX_LIBRARY = "libc++";
				CLANG_ENABLE_MODULES = YES;
				CLANG_ENABLE_OBJC_ARC = YES;
				CLANG_WARN_BLOCK_CAPTURE_AUTORELEASING = YES;
				CLANG_WARN_BOOL_CONVERSION = YES;
				CLANG_WARN_COMMA = YES;
				CLANG_WARN_CONSTANT_CONVERSION = YES;
				CLANG_WARN_DIRECT_OBJC_ISA_USAGE = YES_ERROR;
				CLANG_WARN_DOCUMENTATION_COMMENTS = YES;
				CLANG_WARN_EMPTY_BODY = YES;
				CLANG_WARN_ENUM_CONVERSION = YES;
				CLANG_WARN_INFINITE_RECURSION = YES;
				CLANG_WARN_INT_CONVERSION = YES;
				CLANG_WARN_NON_LITERAL_NULL_CONVERSION = YES;
				CLANG_WARN_OBJC_LITERAL_CONVERSION = YES;
				CLANG_WARN_OBJC_ROOT_CLASS = YES_ERROR;
				CLANG_WARN_RANGE_LOOP_ANALYSIS = YES;
				CLANG_WARN_STRICT_PROTOTYPES = YES;
				CLANG_WARN_SUSPICIOUS_MOVE = YES;
				CLANG_WARN_UNGUARDED_AVAILABILITY = YES_AGGRESSIVE;
				CLANG_WARN_UNREACHABLE_CODE = YES;
				CLANG_WARN__DUPLICATE_METHOD_MATCH = YES;
				CODE_SIGN_IDENTITY = "iPhone Developer";
				COPY_PHASE_STRIP = NO;
				DEBUG_INFORMATION_FORMAT = dwarf;
				ENABLE_STRICT_OBJC_MSGSEND = YES;
				ENABLE_TESTABILITY = YES;
				GCC_C_LANGUAGE_STANDARD = gnu11;
				GCC_DYNAMIC_NO_PIC = NO;
				GCC_NO_COMMON_BLOCKS = YES;
				GCC_OPTIMIZATION_LEVEL = 0;
				GCC_PREPROCESSOR_DEFINITIONS = (
					"DEBUG=1",
					"$(inherited)",
				);
				GCC_WARN_64_TO_32_BIT_CONVERSION = YES;
				GCC_WARN_ABOUT_RETURN_TYPE = YES_ERROR;
				GCC_WARN_UNDECLARED_SELECTOR = YES;
				GCC_WARN_UNINITIALIZED_AUTOS = YES_AGGRESSIVE;
				GCC_WARN_UNUSED_FUNCTION = YES;
				GCC_WARN_UNUSED_VARIABLE = YES;
				IPHONEOS_DEPLOYMENT_TARGET = 11.2;
				MTL_ENABLE_DEBUG_INFO = YES;
				ONLY_ACTIVE_ARCH = YES;
				SDKROOT = iphoneos;
				SWIFT_ACTIVE_COMPILATION_CONDITIONS = DEBUG;
				SWIFT_OPTIMIZATION_LEVEL = "-Onone";
			};
			name = Debug;
		};
		8DF52FD821B8CFB70008C022 /* Release */ = {
			isa = XCBuildConfiguration;
			buildSettings = {
				ALWAYS_SEARCH_USER_PATHS = NO;
				CLANG_ANALYZER_NONNULL = YES;
				CLANG_ANALYZER_NUMBER_OBJECT_CONVERSION = YES_AGGRESSIVE;
				CLANG_CXX_LANGUAGE_STANDARD = "gnu++14";
				CLANG_CXX_LIBRARY = "libc++";
				CLANG_ENABLE_MODULES = YES;
				CLANG_ENABLE_OBJC_ARC = YES;
				CLANG_WARN_BLOCK_CAPTURE_AUTORELEASING = YES;
				CLANG_WARN_BOOL_CONVERSION = YES;
				CLANG_WARN_COMMA = YES;
				CLANG_WARN_CONSTANT_CONVERSION = YES;
				CLANG_WARN_DIRECT_OBJC_ISA_USAGE = YES_ERROR;
				CLANG_WARN_DOCUMENTATION_COMMENTS = YES;
				CLANG_WARN_EMPTY_BODY = YES;
				CLANG_WARN_ENUM_CONVERSION = YES;
				CLANG_WARN_INFINITE_RECURSION = YES;
				CLANG_WARN_INT_CONVERSION = YES;
				CLANG_WARN_NON_LITERAL_NULL_CONVERSION = YES;
				CLANG_WARN_OBJC_LITERAL_CONVERSION = YES;
				CLANG_WARN_OBJC_ROOT_CLASS = YES_ERROR;
				CLANG_WARN_RANGE_LOOP_ANALYSIS = YES;
				CLANG_WARN_STRICT_PROTOTYPES = YES;
				CLANG_WARN_SUSPICIOUS_MOVE = YES;
				CLANG_WARN_UNGUARDED_AVAILABILITY = YES_AGGRESSIVE;
				CLANG_WARN_UNREACHABLE_CODE = YES;
				CLANG_WARN__DUPLICATE_METHOD_MATCH = YES;
				CODE_SIGN_IDENTITY = "iPhone Developer";
				COPY_PHASE_STRIP = NO;
				DEBUG_INFORMATION_FORMAT = "dwarf-with-dsym";
				ENABLE_NS_ASSERTIONS = NO;
				ENABLE_STRICT_OBJC_MSGSEND = YES;
				GCC_C_LANGUAGE_STANDARD = gnu11;
				GCC_NO_COMMON_BLOCKS = YES;
				GCC_WARN_64_TO_32_BIT_CONVERSION = YES;
				GCC_WARN_ABOUT_RETURN_TYPE = YES_ERROR;
				GCC_WARN_UNDECLARED_SELECTOR = YES;
				GCC_WARN_UNINITIALIZED_AUTOS = YES_AGGRESSIVE;
				GCC_WARN_UNUSED_FUNCTION = YES;
				GCC_WARN_UNUSED_VARIABLE = YES;
				IPHONEOS_DEPLOYMENT_TARGET = 11.2;
				MTL_ENABLE_DEBUG_INFO = NO;
				SDKROOT = iphoneos;
				SWIFT_OPTIMIZATION_LEVEL = "-Owholemodule";
				VALIDATE_PRODUCT = YES;
			};
			name = Release;
		};
		8DF52FDA21B8CFB70008C022 /* Debug */ = {
			isa = XCBuildConfiguration;
			buildSettings = {
				ASSETCATALOG_COMPILER_APPICON_NAME = AppIcon;
				CODE_SIGN_STYLE = Automatic;
				INFOPLIST_FILE = "Hustle-mode/Info.plist";
				LD_RUNPATH_SEARCH_PATHS = "$(inherited) @executable_path/Frameworks";
				PRODUCT_BUNDLE_IDENTIFIER = "student.Hustle-mode";
				PRODUCT_NAME = "$(TARGET_NAME)";
				SWIFT_VERSION = 4.0;
				TARGETED_DEVICE_FAMILY = "1,2";
			};
			name = Debug;
		};
		8DF52FDB21B8CFB70008C022 /* Release */ = {
			isa = XCBuildConfiguration;
			buildSettings = {
				ASSETCATALOG_COMPILER_APPICON_NAME = AppIcon;
				CODE_SIGN_STYLE = Automatic;
				INFOPLIST_FILE = "Hustle-mode/Info.plist";
				LD_RUNPATH_SEARCH_PATHS = "$(inherited) @executable_path/Frameworks";
				PRODUCT_BUNDLE_IDENTIFIER = "student.Hustle-mode";
				PRODUCT_NAME = "$(TARGET_NAME)";
				SWIFT_VERSION = 4.0;
				TARGETED_DEVICE_FAMILY = "1,2";
			};
			name = Release;
		};
/* End XCBuildConfiguration section */

/* Begin XCConfigurationList section */
		8DF52FC221B8CFB70008C022 /* Build configuration list for PBXProject "Hustle-mode" */ = {
			isa = XCConfigurationList;
			buildConfigurations = (
				8DF52FD721B8CFB70008C022 /* Debug */,
				8DF52FD821B8CFB70008C022 /* Release */,
			);
			defaultConfigurationIsVisible = 0;
			defaultConfigurationName = Release;
		};
		8DF52FD921B8CFB70008C022 /* Build configuration list for PBXNativeTarget "Hustle-mode" */ = {
			isa = XCConfigurationList;
			buildConfigurations = (
				8DF52FDA21B8CFB70008C022 /* Debug */,
				8DF52FDB21B8CFB70008C022 /* Release */,
			);
			defaultConfigurationIsVisible = 0;
			defaultConfigurationName = Release;
		};
/* End XCConfigurationList section */
	};
	rootObject = 8DF52FBF21B8CFB70008C022 /* Project object */;
}
